// !$*UTF8*$!
{
	archiveVersion = 1;
	classes = {
	};
	objectVersion = 50;
	objects = {

/* Begin PBXBuildFile section */
		29E87BEC723EBDBE7C3F2E7D /* Pods_DrawerSampleProject.framework in Frameworks */ = {isa = PBXBuildFile; fileRef = B8635D8A5CE49741073AA59C /* Pods_DrawerSampleProject.framework */; };
		53ECBC1D234B9A4F00034562 /* AppDelegate.swift in Sources */ = {isa = PBXBuildFile; fileRef = 53ECBC1C234B9A4F00034562 /* AppDelegate.swift */; };
		53ECBC21234B9A4F00034562 /* ViewController.swift in Sources */ = {isa = PBXBuildFile; fileRef = 53ECBC20234B9A4F00034562 /* ViewController.swift */; };
		53ECBC24234B9A4F00034562 /* Main.storyboard in Resources */ = {isa = PBXBuildFile; fileRef = 53ECBC22234B9A4F00034562 /* Main.storyboard */; };
		53ECBC26234B9A5000034562 /* Assets.xcassets in Resources */ = {isa = PBXBuildFile; fileRef = 53ECBC25234B9A5000034562 /* Assets.xcassets */; };
		53ECBC29234B9A5000034562 /* LaunchScreen.storyboard in Resources */ = {isa = PBXBuildFile; fileRef = 53ECBC27234B9A5000034562 /* LaunchScreen.storyboard */; };
		53ECBC36234B9E1C00034562 /* DrawerViewController.swift in Sources */ = {isa = PBXBuildFile; fileRef = 53ECBC35234B9E1C00034562 /* DrawerViewController.swift */; };
		53ECBC38234B9E3D00034562 /* DrawerViewController.xib in Resources */ = {isa = PBXBuildFile; fileRef = 53ECBC37234B9E3C00034562 /* DrawerViewController.xib */; };
/* End PBXBuildFile section */

/* Begin PBXFileReference section */
		3BE5C0EB3BCD686C4F809FAB /* Pods-DrawerSampleProject.release.xcconfig */ = {isa = PBXFileReference; includeInIndex = 1; lastKnownFileType = text.xcconfig; name = "Pods-DrawerSampleProject.release.xcconfig"; path = "Target Support Files/Pods-DrawerSampleProject/Pods-DrawerSampleProject.release.xcconfig"; sourceTree = "<group>"; };
		3D705AFEB0F452AB1565D21E /* Pods-DrawerSampleProject.debug.xcconfig */ = {isa = PBXFileReference; includeInIndex = 1; lastKnownFileType = text.xcconfig; name = "Pods-DrawerSampleProject.debug.xcconfig"; path = "Target Support Files/Pods-DrawerSampleProject/Pods-DrawerSampleProject.debug.xcconfig"; sourceTree = "<group>"; };
		53ECBC19234B9A4F00034562 /* DrawerSampleProject.app */ = {isa = PBXFileReference; explicitFileType = wrapper.application; includeInIndex = 0; path = DrawerSampleProject.app; sourceTree = BUILT_PRODUCTS_DIR; };
		53ECBC1C234B9A4F00034562 /* AppDelegate.swift */ = {isa = PBXFileReference; lastKnownFileType = sourcecode.swift; path = AppDelegate.swift; sourceTree = "<group>"; };
		53ECBC20234B9A4F00034562 /* ViewController.swift */ = {isa = PBXFileReference; lastKnownFileType = sourcecode.swift; path = ViewController.swift; sourceTree = "<group>"; };
		53ECBC23234B9A4F00034562 /* Base */ = {isa = PBXFileReference; lastKnownFileType = file.storyboard; name = Base; path = Base.lproj/Main.storyboard; sourceTree = "<group>"; };
		53ECBC25234B9A5000034562 /* Assets.xcassets */ = {isa = PBXFileReference; lastKnownFileType = folder.assetcatalog; path = Assets.xcassets; sourceTree = "<group>"; };
		53ECBC28234B9A5000034562 /* Base */ = {isa = PBXFileReference; lastKnownFileType = file.storyboard; name = Base; path = Base.lproj/LaunchScreen.storyboard; sourceTree = "<group>"; };
		53ECBC2A234B9A5000034562 /* Info.plist */ = {isa = PBXFileReference; lastKnownFileType = text.plist.xml; path = Info.plist; sourceTree = "<group>"; };
		53ECBC35234B9E1C00034562 /* DrawerViewController.swift */ = {isa = PBXFileReference; lastKnownFileType = sourcecode.swift; path = DrawerViewController.swift; sourceTree = "<group>"; };
		53ECBC37234B9E3C00034562 /* DrawerViewController.xib */ = {isa = PBXFileReference; lastKnownFileType = file.xib; path = DrawerViewController.xib; sourceTree = "<group>"; };
		B8635D8A5CE49741073AA59C /* Pods_DrawerSampleProject.framework */ = {isa = PBXFileReference; explicitFileType = wrapper.framework; includeInIndex = 0; path = Pods_DrawerSampleProject.framework; sourceTree = BUILT_PRODUCTS_DIR; };
/* End PBXFileReference section */

/* Begin PBXFrameworksBuildPhase section */
		53ECBC16234B9A4F00034562 /* Frameworks */ = {
			isa = PBXFrameworksBuildPhase;
			buildActionMask = 2147483647;
			files = (
				29E87BEC723EBDBE7C3F2E7D /* Pods_DrawerSampleProject.framework in Frameworks */,
			);
			runOnlyForDeploymentPostprocessing = 0;
		};
/* End PBXFrameworksBuildPhase section */

/* Begin PBXGroup section */
		53ECBC10234B9A4F00034562 = {
			isa = PBXGroup;
			children = (
				53ECBC1B234B9A4F00034562 /* DrawerSampleProject */,
				53ECBC1A234B9A4F00034562 /* Products */,
				8265E775BB1A0AA004A7820C /* Pods */,
				E7F5F3E11E4FDD68F71F8988 /* Frameworks */,
			);
			sourceTree = "<group>";
		};
		53ECBC1A234B9A4F00034562 /* Products */ = {
			isa = PBXGroup;
			children = (
				53ECBC19234B9A4F00034562 /* DrawerSampleProject.app */,
			);
			name = Products;
			sourceTree = "<group>";
		};
		53ECBC1B234B9A4F00034562 /* DrawerSampleProject */ = {
			isa = PBXGroup;
			children = (
				53ECBC1C234B9A4F00034562 /* AppDelegate.swift */,
				53ECBC34234B9A9200034562 /* Drawer View Controller */,
				53ECBC20234B9A4F00034562 /* ViewController.swift */,
				53ECBC22234B9A4F00034562 /* Main.storyboard */,
				53ECBC25234B9A5000034562 /* Assets.xcassets */,
				53ECBC27234B9A5000034562 /* LaunchScreen.storyboard */,
				53ECBC2A234B9A5000034562 /* Info.plist */,
			);
			path = DrawerSampleProject;
			sourceTree = "<group>";
		};
		53ECBC34234B9A9200034562 /* Drawer View Controller */ = {
			isa = PBXGroup;
			children = (
				53ECBC35234B9E1C00034562 /* DrawerViewController.swift */,
				53ECBC37234B9E3C00034562 /* DrawerViewController.xib */,
			);
			path = "Drawer View Controller";
			sourceTree = "<group>";
		};
		8265E775BB1A0AA004A7820C /* Pods */ = {
			isa = PBXGroup;
			children = (
				3D705AFEB0F452AB1565D21E /* Pods-DrawerSampleProject.debug.xcconfig */,
				3BE5C0EB3BCD686C4F809FAB /* Pods-DrawerSampleProject.release.xcconfig */,
			);
			path = Pods;
			sourceTree = "<group>";
		};
		E7F5F3E11E4FDD68F71F8988 /* Frameworks */ = {
			isa = PBXGroup;
			children = (
				B8635D8A5CE49741073AA59C /* Pods_DrawerSampleProject.framework */,
			);
			name = Frameworks;
			sourceTree = "<group>";
		};
/* End PBXGroup section */

/* Begin PBXNativeTarget section */
		53ECBC18234B9A4F00034562 /* DrawerSampleProject */ = {
			isa = PBXNativeTarget;
			buildConfigurationList = 53ECBC2D234B9A5000034562 /* Build configuration list for PBXNativeTarget "DrawerSampleProject" */;
			buildPhases = (
				75FA4BB5BC5EA376A037ED2C /* [CP] Check Pods Manifest.lock */,
				53ECBC15234B9A4F00034562 /* Sources */,
				53ECBC16234B9A4F00034562 /* Frameworks */,
				53ECBC17234B9A4F00034562 /* Resources */,
				6329C07C539AAAD4A5FC725E /* [CP] Embed Pods Frameworks */,
			);
			buildRules = (
			);
			dependencies = (
			);
			name = DrawerSampleProject;
			productName = DrawerSampleProject;
			productReference = 53ECBC19234B9A4F00034562 /* DrawerSampleProject.app */;
			productType = "com.apple.product-type.application";
		};
/* End PBXNativeTarget section */

/* Begin PBXProject section */
		53ECBC11234B9A4F00034562 /* Project object */ = {
			isa = PBXProject;
			attributes = {
				LastSwiftUpdateCheck = 1100;
				LastUpgradeCheck = 1100;
				ORGANIZATIONNAME = "Ismael Zavala";
				TargetAttributes = {
					53ECBC18234B9A4F00034562 = {
						CreatedOnToolsVersion = 11.0;
					};
				};
			};
			buildConfigurationList = 53ECBC14234B9A4F00034562 /* Build configuration list for PBXProject "DrawerSampleProject" */;
			compatibilityVersion = "Xcode 9.3";
			developmentRegion = en;
			hasScannedForEncodings = 0;
			knownRegions = (
				en,
				Base,
			);
			mainGroup = 53ECBC10234B9A4F00034562;
			productRefGroup = 53ECBC1A234B9A4F00034562 /* Products */;
			projectDirPath = "";
			projectRoot = "";
			targets = (
				53ECBC18234B9A4F00034562 /* DrawerSampleProject */,
			);
		};
/* End PBXProject section */

/* Begin PBXResourcesBuildPhase section */
		53ECBC17234B9A4F00034562 /* Resources */ = {
			isa = PBXResourcesBuildPhase;
			buildActionMask = 2147483647;
			files = (
				53ECBC29234B9A5000034562 /* LaunchScreen.storyboard in Resources */,
				53ECBC38234B9E3D00034562 /* DrawerViewController.xib in Resources */,
				53ECBC26234B9A5000034562 /* Assets.xcassets in Resources */,
				53ECBC24234B9A4F00034562 /* Main.storyboard in Resources */,
			);
			runOnlyForDeploymentPostprocessing = 0;
		};
/* End PBXResourcesBuildPhase section */

/* Begin PBXShellScriptBuildPhase section */
		6329C07C539AAAD4A5FC725E /* [CP] Embed Pods Frameworks */ = {
			isa = PBXShellScriptBuildPhase;
			buildActionMask = 2147483647;
			files = (
			);
			inputFileListPaths = (
			);
			inputPaths = (
				"${PODS_ROOT}/Target Support Files/Pods-DrawerSampleProject/Pods-DrawerSampleProject-frameworks.sh",
				"${BUILT_PRODUCTS_DIR}/DrawerView/DrawerView.framework",
			);
			name = "[CP] Embed Pods Frameworks";
			outputFileListPaths = (
			);
			outputPaths = (
				"${TARGET_BUILD_DIR}/${FRAMEWORKS_FOLDER_PATH}/DrawerView.framework",
			);
			runOnlyForDeploymentPostprocessing = 0;
			shellPath = /bin/sh;
			shellScript = "\"${PODS_ROOT}/Target Support Files/Pods-DrawerSampleProject/Pods-DrawerSampleProject-frameworks.sh\"\n";
			showEnvVarsInLog = 0;
		};
		75FA4BB5BC5EA376A037ED2C /* [CP] Check Pods Manifest.lock */ = {
			isa = PBXShellScriptBuildPhase;
			buildActionMask = 2147483647;
			files = (
			);
			inputFileListPaths = (
			);
			inputPaths = (
				"${PODS_PODFILE_DIR_PATH}/Podfile.lock",
				"${PODS_ROOT}/Manifest.lock",
			);
			name = "[CP] Check Pods Manifest.lock";
			outputFileListPaths = (
			);
			outputPaths = (
				"$(DERIVED_FILE_DIR)/Pods-DrawerSampleProject-checkManifestLockResult.txt",
			);
			runOnlyForDeploymentPostprocessing = 0;
			shellPath = /bin/sh;
			shellScript = "diff \"${PODS_PODFILE_DIR_PATH}/Podfile.lock\" \"${PODS_ROOT}/Manifest.lock\" > /dev/null\nif [ $? != 0 ] ; then\n    # print error to STDERR\n    echo \"error: The sandbox is not in sync with the Podfile.lock. Run 'pod install' or update your CocoaPods installation.\" >&2\n    exit 1\nfi\n# This output is used by Xcode 'outputs' to avoid re-running this script phase.\necho \"SUCCESS\" > \"${SCRIPT_OUTPUT_FILE_0}\"\n";
			showEnvVarsInLog = 0;
		};
/* End PBXShellScriptBuildPhase section */

/* Begin PBXSourcesBuildPhase section */
		53ECBC15234B9A4F00034562 /* Sources */ = {
			isa = PBXSourcesBuildPhase;
			buildActionMask = 2147483647;
			files = (
				53ECBC21234B9A4F00034562 /* ViewController.swift in Sources */,
				53ECBC1D234B9A4F00034562 /* AppDelegate.swift in Sources */,
				53ECBC36234B9E1C00034562 /* DrawerViewController.swift in Sources */,
			);
			runOnlyForDeploymentPostprocessing = 0;
		};
/* End PBXSourcesBuildPhase section */

/* Begin PBXVariantGroup section */
		53ECBC22234B9A4F00034562 /* Main.storyboard */ = {
			isa = PBXVariantGroup;
			children = (
				53ECBC23234B9A4F00034562 /* Base */,
			);
			name = Main.storyboard;
			sourceTree = "<group>";
		};
		53ECBC27234B9A5000034562 /* LaunchScreen.storyboard */ = {
			isa = PBXVariantGroup;
			children = (
				53ECBC28234B9A5000034562 /* Base */,
			);
			name = LaunchScreen.storyboard;
			sourceTree = "<group>";
		};
/* End PBXVariantGroup section */

/* Begin XCBuildConfiguration section */
		53ECBC2B234B9A5000034562 /* Debug */ = {
			isa = XCBuildConfiguration;
			buildSettings = {
				ALWAYS_SEARCH_USER_PATHS = NO;
				CLANG_ANALYZER_NONNULL = YES;
				CLANG_ANALYZER_NUMBER_OBJECT_CONVERSION = YES_AGGRESSIVE;
				CLANG_CXX_LANGUAGE_STANDARD = "gnu++14";
				CLANG_CXX_LIBRARY = "libc++";
				CLANG_ENABLE_MODULES = YES;
				CLANG_ENABLE_OBJC_ARC = YES;
				CLANG_ENABLE_OBJC_WEAK = YES;
				CLANG_WARN_BLOCK_CAPTURE_AUTORELEASING = YES;
				CLANG_WARN_BOOL_CONVERSION = YES;
				CLANG_WARN_COMMA = YES;
				CLANG_WARN_CONSTANT_CONVERSION = YES;
				CLANG_WARN_DEPRECATED_OBJC_IMPLEMENTATIONS = YES;
				CLANG_WARN_DIRECT_OBJC_ISA_USAGE = YES_ERROR;
				CLANG_WARN_DOCUMENTATION_COMMENTS = YES;
				CLANG_WARN_EMPTY_BODY = YES;
				CLANG_WARN_ENUM_CONVERSION = YES;
				CLANG_WARN_INFINITE_RECURSION = YES;
				CLANG_WARN_INT_CONVERSION = YES;
				CLANG_WARN_NON_LITERAL_NULL_CONVERSION = YES;
				CLANG_WARN_OBJC_IMPLICIT_RETAIN_SELF = YES;
				CLANG_WARN_OBJC_LITERAL_CONVERSION = YES;
				CLANG_WARN_OBJC_ROOT_CLASS = YES_ERROR;
				CLANG_WARN_RANGE_LOOP_ANALYSIS = YES;
				CLANG_WARN_STRICT_PROTOTYPES = YES;
				CLANG_WARN_SUSPICIOUS_MOVE = YES;
				CLANG_WARN_UNGUARDED_AVAILABILITY = YES_AGGRESSIVE;
				CLANG_WARN_UNREACHABLE_CODE = YES;
				CLANG_WARN__DUPLICATE_METHOD_MATCH = YES;
				COPY_PHASE_STRIP = NO;
				DEBUG_INFORMATION_FORMAT = dwarf;
				ENABLE_STRICT_OBJC_MSGSEND = YES;
				ENABLE_TESTABILITY = YES;
				GCC_C_LANGUAGE_STANDARD = gnu11;
				GCC_DYNAMIC_NO_PIC = NO;
				GCC_NO_COMMON_BLOCKS = YES;
				GCC_OPTIMIZATION_LEVEL = 0;
				GCC_PREPROCESSOR_DEFINITIONS = (
					"DEBUG=1",
					"$(inherited)",
				);
				GCC_WARN_64_TO_32_BIT_CONVERSION = YES;
				GCC_WARN_ABOUT_RETURN_TYPE = YES_ERROR;
				GCC_WARN_UNDECLARED_SELECTOR = YES;
				GCC_WARN_UNINITIALIZED_AUTOS = YES_AGGRESSIVE;
				GCC_WARN_UNUSED_FUNCTION = YES;
				GCC_WARN_UNUSED_VARIABLE = YES;
				IPHONEOS_DEPLOYMENT_TARGET = 13.0;
				MTL_ENABLE_DEBUG_INFO = INCLUDE_SOURCE;
				MTL_FAST_MATH = YES;
				ONLY_ACTIVE_ARCH = YES;
				SDKROOT = iphoneos;
				SWIFT_ACTIVE_COMPILATION_CONDITIONS = DEBUG;
				SWIFT_OPTIMIZATION_LEVEL = "-Onone";
			};
			name = Debug;
		};
		53ECBC2C234B9A5000034562 /* Release */ = {
			isa = XCBuildConfiguration;
			buildSettings = {
				ALWAYS_SEARCH_USER_PATHS = NO;
				CLANG_ANALYZER_NONNULL = YES;
				CLANG_ANALYZER_NUMBER_OBJECT_CONVERSION = YES_AGGRESSIVE;
				CLANG_CXX_LANGUAGE_STANDARD = "gnu++14";
				CLANG_CXX_LIBRARY = "libc++";
				CLANG_ENABLE_MODULES = YES;
				CLANG_ENABLE_OBJC_ARC = YES;
				CLANG_ENABLE_OBJC_WEAK = YES;
				CLANG_WARN_BLOCK_CAPTURE_AUTORELEASING = YES;
				CLANG_WARN_BOOL_CONVERSION = YES;
				CLANG_WARN_COMMA = YES;
				CLANG_WARN_CONSTANT_CONVERSION = YES;
				CLANG_WARN_DEPRECATED_OBJC_IMPLEMENTATIONS = YES;
				CLANG_WARN_DIRECT_OBJC_ISA_USAGE = YES_ERROR;
				CLANG_WARN_DOCUMENTATION_COMMENTS = YES;
				CLANG_WARN_EMPTY_BODY = YES;
				CLANG_WARN_ENUM_CONVERSION = YES;
				CLANG_WARN_INFINITE_RECURSION = YES;
				CLANG_WARN_INT_CONVERSION = YES;
				CLANG_WARN_NON_LITERAL_NULL_CONVERSION = YES;
				CLANG_WARN_OBJC_IMPLICIT_RETAIN_SELF = YES;
				CLANG_WARN_OBJC_LITERAL_CONVERSION = YES;
				CLANG_WARN_OBJC_ROOT_CLASS = YES_ERROR;
				CLANG_WARN_RANGE_LOOP_ANALYSIS = YES;
				CLANG_WARN_STRICT_PROTOTYPES = YES;
				CLANG_WARN_SUSPICIOUS_MOVE = YES;
				CLANG_WARN_UNGUARDED_AVAILABILITY = YES_AGGRESSIVE;
				CLANG_WARN_UNREACHABLE_CODE = YES;
				CLANG_WARN__DUPLICATE_METHOD_MATCH = YES;
				COPY_PHASE_STRIP = NO;
				DEBUG_INFORMATION_FORMAT = "dwarf-with-dsym";
				ENABLE_NS_ASSERTIONS = NO;
				ENABLE_STRICT_OBJC_MSGSEND = YES;
				GCC_C_LANGUAGE_STANDARD = gnu11;
				GCC_NO_COMMON_BLOCKS = YES;
				GCC_WARN_64_TO_32_BIT_CONVERSION = YES;
				GCC_WARN_ABOUT_RETURN_TYPE = YES_ERROR;
				GCC_WARN_UNDECLARED_SELECTOR = YES;
				GCC_WARN_UNINITIALIZED_AUTOS = YES_AGGRESSIVE;
				GCC_WARN_UNUSED_FUNCTION = YES;
				GCC_WARN_UNUSED_VARIABLE = YES;
				IPHONEOS_DEPLOYMENT_TARGET = 13.0;
				MTL_ENABLE_DEBUG_INFO = NO;
				MTL_FAST_MATH = YES;
				SDKROOT = iphoneos;
				SWIFT_COMPILATION_MODE = wholemodule;
				SWIFT_OPTIMIZATION_LEVEL = "-O";
				VALIDATE_PRODUCT = YES;
			};
			name = Release;
		};
		53ECBC2E234B9A5000034562 /* Debug */ = {
			isa = XCBuildConfiguration;
			baseConfigurationReference = 3D705AFEB0F452AB1565D21E /* Pods-DrawerSampleProject.debug.xcconfig */;
			buildSettings = {
				ASSETCATALOG_COMPILER_APPICON_NAME = AppIcon;
				CODE_SIGN_STYLE = Automatic;
				DEVELOPMENT_TEAM = 4R9X6WV5B7;
				INFOPLIST_FILE = DrawerSampleProject/Info.plist;
				IPHONEOS_DEPLOYMENT_TARGET = 12.2;
				LD_RUNPATH_SEARCH_PATHS = (
					"$(inherited)",
					"@executable_path/Frameworks",
				);
				PRODUCT_BUNDLE_IDENTIFIER = com.Zavala.Project.DrawerSampleProject;
				PRODUCT_NAME = "$(TARGET_NAME)";
				SWIFT_VERSION = 5.0;
				TARGETED_DEVICE_FAMILY = 1;
			};
			name = Debug;
		};
		53ECBC2F234B9A5000034562 /* Release */ = {
			isa = XCBuildConfiguration;
			baseConfigurationReference = 3BE5C0EB3BCD686C4F809FAB /* Pods-DrawerSampleProject.release.xcconfig */;
			buildSettings = {
				ASSETCATALOG_COMPILER_APPICON_NAME = AppIcon;
				CODE_SIGN_STYLE = Automatic;
				DEVELOPMENT_TEAM = 4R9X6WV5B7;
				INFOPLIST_FILE = DrawerSampleProject/Info.plist;
				IPHONEOS_DEPLOYMENT_TARGET = 12.2;
				LD_RUNPATH_SEARCH_PATHS = (
					"$(inherited)",
					"@executable_path/Frameworks",
				);
				PRODUCT_BUNDLE_IDENTIFIER = com.Zavala.Project.DrawerSampleProject;
				PRODUCT_NAME = "$(TARGET_NAME)";
				SWIFT_VERSION = 5.0;
				TARGETED_DEVICE_FAMILY = 1;
			};
			name = Release;
		};
/* End XCBuildConfiguration section */

/* Begin XCConfigurationList section */
		53ECBC14234B9A4F00034562 /* Build configuration list for PBXProject "DrawerSampleProject" */ = {
			isa = XCConfigurationList;
			buildConfigurations = (
				53ECBC2B234B9A5000034562 /* Debug */,
				53ECBC2C234B9A5000034562 /* Release */,
			);
			defaultConfigurationIsVisible = 0;
			defaultConfigurationName = Release;
		};
		53ECBC2D234B9A5000034562 /* Build configuration list for PBXNativeTarget "DrawerSampleProject" */ = {
			isa = XCConfigurationList;
			buildConfigurations = (
				53ECBC2E234B9A5000034562 /* Debug */,
				53ECBC2F234B9A5000034562 /* Release */,
			);
			defaultConfigurationIsVisible = 0;
			defaultConfigurationName = Release;
		};
/* End XCConfigurationList section */
	};
	rootObject = 53ECBC11234B9A4F00034562 /* Project object */;
}
